// !$*UTF8*$!
{
	archiveVersion = 1;
	classes = {
	};
	objectVersion = 46;
	objects = {

/* Begin PBXBuildFile section */
		8262E5E31F0B582D0005AABA /* AppDelegate.swift in Sources */ = {isa = PBXBuildFile; fileRef = 8262E5E21F0B582D0005AABA /* AppDelegate.swift */; };
		8262E5E81F0B582D0005AABA /* Main.storyboard in Resources */ = {isa = PBXBuildFile; fileRef = 8262E5E61F0B582D0005AABA /* Main.storyboard */; };
		8262E5EA1F0B582D0005AABA /* Assets.xcassets in Resources */ = {isa = PBXBuildFile; fileRef = 8262E5E91F0B582D0005AABA /* Assets.xcassets */; };
		8262E5ED1F0B582D0005AABA /* LaunchScreen.storyboard in Resources */ = {isa = PBXBuildFile; fileRef = 8262E5EB1F0B582D0005AABA /* LaunchScreen.storyboard */; };
		8262E5F51F0B58780005AABA /* RestaurantTableViewController.swift in Sources */ = {isa = PBXBuildFile; fileRef = 8262E5F41F0B58780005AABA /* RestaurantTableViewController.swift */; };
		8262E5F71F0B5B040005AABA /* RestaurantTableViewCell.swift in Sources */ = {isa = PBXBuildFile; fileRef = 8262E5F61F0B5B040005AABA /* RestaurantTableViewCell.swift */; };
/* End PBXBuildFile section */

/* Begin PBXFileReference section */
		8262E5DF1F0B582D0005AABA /* CustomCellApp.app */ = {isa = PBXFileReference; explicitFileType = wrapper.application; includeInIndex = 0; path = CustomCellApp.app; sourceTree = BUILT_PRODUCTS_DIR; };
		8262E5E21F0B582D0005AABA /* AppDelegate.swift */ = {isa = PBXFileReference; lastKnownFileType = sourcecode.swift; path = AppDelegate.swift; sourceTree = "<group>"; };
		8262E5E71F0B582D0005AABA /* Base */ = {isa = PBXFileReference; lastKnownFileType = file.storyboard; name = Base; path = Base.lproj/Main.storyboard; sourceTree = "<group>"; };
		8262E5E91F0B582D0005AABA /* Assets.xcassets */ = {isa = PBXFileReference; lastKnownFileType = folder.assetcatalog; path = Assets.xcassets; sourceTree = "<group>"; };
		8262E5EC1F0B582D0005AABA /* Base */ = {isa = PBXFileReference; lastKnownFileType = file.storyboard; name = Base; path = Base.lproj/LaunchScreen.storyboard; sourceTree = "<group>"; };
		8262E5EE1F0B582D0005AABA /* Info.plist */ = {isa = PBXFileReference; lastKnownFileType = text.plist.xml; path = Info.plist; sourceTree = "<group>"; };
		8262E5F41F0B58780005AABA /* RestaurantTableViewController.swift */ = {isa = PBXFileReference; fileEncoding = 4; lastKnownFileType = sourcecode.swift; path = RestaurantTableViewController.swift; sourceTree = "<group>"; };
		8262E5F61F0B5B040005AABA /* RestaurantTableViewCell.swift */ = {isa = PBXFileReference; fileEncoding = 4; lastKnownFileType = sourcecode.swift; path = RestaurantTableViewCell.swift; sourceTree = "<group>"; };
/* End PBXFileReference section */

/* Begin PBXFrameworksBuildPhase section */
		8262E5DC1F0B582D0005AABA /* Frameworks */ = {
			isa = PBXFrameworksBuildPhase;
			buildActionMask = 2147483647;
			files = (
			);
			runOnlyForDeploymentPostprocessing = 0;
		};
/* End PBXFrameworksBuildPhase section */

/* Begin PBXGroup section */
		8262E5D61F0B582D0005AABA = {
			isa = PBXGroup;
			children = (
				8262E5E11F0B582D0005AABA /* CustomCellApp */,
				8262E5E01F0B582D0005AABA /* Products */,
			);
			sourceTree = "<group>";
		};
		8262E5E01F0B582D0005AABA /* Products */ = {
			isa = PBXGroup;
			children = (
				8262E5DF1F0B582D0005AABA /* CustomCellApp.app */,
			);
			name = Products;
			sourceTree = "<group>";
		};
		8262E5E11F0B582D0005AABA /* CustomCellApp */ = {
			isa = PBXGroup;
			children = (
				8262E5E21F0B582D0005AABA /* AppDelegate.swift */,
				8262E5E61F0B582D0005AABA /* Main.storyboard */,
				8262E5E91F0B582D0005AABA /* Assets.xcassets */,
				8262E5EB1F0B582D0005AABA /* LaunchScreen.storyboard */,
				8262E5EE1F0B582D0005AABA /* Info.plist */,
				8262E5F41F0B58780005AABA /* RestaurantTableViewController.swift */,
				8262E5F61F0B5B040005AABA /* RestaurantTableViewCell.swift */,
			);
			path = CustomCellApp;
			sourceTree = "<group>";
		};
/* End PBXGroup section */

/* Begin PBXNativeTarget section */
		8262E5DE1F0B582D0005AABA /* CustomCellApp */ = {
			isa = PBXNativeTarget;
			buildConfigurationList = 8262E5F11F0B582D0005AABA /* Build configuration list for PBXNativeTarget "CustomCellApp" */;
			buildPhases = (
				8262E5DB1F0B582D0005AABA /* Sources */,
				8262E5DC1F0B582D0005AABA /* Frameworks */,
				8262E5DD1F0B582D0005AABA /* Resources */,
			);
			buildRules = (
			);
			dependencies = (
			);
			name = CustomCellApp;
			productName = CustomCellApp;
			productReference = 8262E5DF1F0B582D0005AABA /* CustomCellApp.app */;
			productType = "com.apple.product-type.application";
		};
/* End PBXNativeTarget section */

/* Begin PBXProject section */
		8262E5D71F0B582D0005AABA /* Project object */ = {
			isa = PBXProject;
			attributes = {
				LastSwiftUpdateCheck = 0830;
				LastUpgradeCheck = 0830;
				ORGANIZATIONNAME = Shetabyad;
				TargetAttributes = {
					8262E5DE1F0B582D0005AABA = {
						CreatedOnToolsVersion = 8.3.3;
						DevelopmentTeam = 4B7MW2V7BL;
						ProvisioningStyle = Automatic;
					};
				};
			};
			buildConfigurationList = 8262E5DA1F0B582D0005AABA /* Build configuration list for PBXProject "CustomCellApp" */;
			compatibilityVersion = "Xcode 3.2";
			developmentRegion = English;
			hasScannedForEncodings = 0;
			knownRegions = (
				en,
				Base,
			);
			mainGroup = 8262E5D61F0B582D0005AABA;
			productRefGroup = 8262E5E01F0B582D0005AABA /* Products */;
			projectDirPath = "";
			projectRoot = "";
			targets = (
				8262E5DE1F0B582D0005AABA /* CustomCellApp */,
			);
		};
/* End PBXProject section */

/* Begin PBXResourcesBuildPhase section */
		8262E5DD1F0B582D0005AABA /* Resources */ = {
			isa = PBXResourcesBuildPhase;
			buildActionMask = 2147483647;
			files = (
				8262E5ED1F0B582D0005AABA /* LaunchScreen.storyboard in Resources */,
				8262E5EA1F0B582D0005AABA /* Assets.xcassets in Resources */,
				8262E5E81F0B582D0005AABA /* Main.storyboard in Resources */,
			);
			runOnlyForDeploymentPostprocessing = 0;
		};
/* End PBXResourcesBuildPhase section */

/* Begin PBXSourcesBuildPhase section */
		8262E5DB1F0B582D0005AABA /* Sources */ = {
			isa = PBXSourcesBuildPhase;
			buildActionMask = 2147483647;
			files = (
				8262E5F51F0B58780005AABA /* RestaurantTableViewController.swift in Sources */,
				8262E5F71F0B5B040005AABA /* RestaurantTableViewCell.swift in Sources */,
				8262E5E31F0B582D0005AABA /* AppDelegate.swift in Sources */,
			);
			runOnlyForDeploymentPostprocessing = 0;
		};
/* End PBXSourcesBuildPhase section */

/* Begin PBXVariantGroup section */
		8262E5E61F0B582D0005AABA /* Main.storyboard */ = {
			isa = PBXVariantGroup;
			children = (
				8262E5E71F0B582D0005AABA /* Base */,
			);
			name = Main.storyboard;
			sourceTree = "<group>";
		};
		8262E5EB1F0B582D0005AABA /* LaunchScreen.storyboard */ = {
			isa = PBXVariantGroup;
			children = (
				8262E5EC1F0B582D0005AABA /* Base */,
			);
			name = LaunchScreen.storyboard;
			sourceTree = "<group>";
		};
/* End PBXVariantGroup section */

/* Begin XCBuildConfiguration section */
		8262E5EF1F0B582D0005AABA /* Debug */ = {
			isa = XCBuildConfiguration;
			buildSettings = {
				ALWAYS_SEARCH_USER_PATHS = NO;
				CLANG_ANALYZER_NONNULL = YES;
				CLANG_ANALYZER_NUMBER_OBJECT_CONVERSION = YES_AGGRESSIVE;
				CLANG_CXX_LANGUAGE_STANDARD = "gnu++0x";
				CLANG_CXX_LIBRARY = "libc++";
				CLANG_ENABLE_MODULES = YES;
				CLANG_ENABLE_OBJC_ARC = YES;
				CLANG_WARN_BOOL_CONVERSION = YES;
				CLANG_WARN_CONSTANT_CONVERSION = YES;
				CLANG_WARN_DIRECT_OBJC_ISA_USAGE = YES_ERROR;
				CLANG_WARN_DOCUMENTATION_COMMENTS = YES;
				CLANG_WARN_EMPTY_BODY = YES;
				CLANG_WARN_ENUM_CONVERSION = YES;
				CLANG_WARN_INFINITE_RECURSION = YES;
				CLANG_WARN_INT_CONVERSION = YES;
				CLANG_WARN_OBJC_ROOT_CLASS = YES_ERROR;
				CLANG_WARN_SUSPICIOUS_MOVE = YES;
				CLANG_WARN_UNREACHABLE_CODE = YES;
				CLANG_WARN__DUPLICATE_METHOD_MATCH = YES;
				"CODE_SIGN_IDENTITY[sdk=iphoneos*]" = "iPhone Developer";
				COPY_PHASE_STRIP = NO;
				DEBUG_INFORMATION_FORMAT = dwarf;
				ENABLE_STRICT_OBJC_MSGSEND = YES;
				ENABLE_TESTABILITY = YES;
				GCC_C_LANGUAGE_STANDARD = gnu99;
				GCC_DYNAMIC_NO_PIC = NO;
				GCC_NO_COMMON_BLOCKS = YES;
				GCC_OPTIMIZATION_LEVEL = 0;
				GCC_PREPROCESSOR_DEFINITIONS = (
					"DEBUG=1",
					"$(inherited)",
				);
				GCC_WARN_64_TO_32_BIT_CONVERSION = YES;
				GCC_WARN_ABOUT_RETURN_TYPE = YES_ERROR;
				GCC_WARN_UNDECLARED_SELECTOR = YES;
				GCC_WARN_UNINITIALIZED_AUTOS = YES_AGGRESSIVE;
				GCC_WARN_UNUSED_FUNCTION = YES;
				GCC_WARN_UNUSED_VARIABLE = YES;
				IPHONEOS_DEPLOYMENT_TARGET = 10.3;
				MTL_ENABLE_DEBUG_INFO = YES;
				ONLY_ACTIVE_ARCH = YES;
				SDKROOT = iphoneos;
				SWIFT_ACTIVE_COMPILATION_CONDITIONS = DEBUG;
				SWIFT_OPTIMIZATION_LEVEL = "-Onone";
				TARGETED_DEVICE_FAMILY = "1,2";
			};
			name = Debug;
		};
		8262E5F01F0B582D0005AABA /* Release */ = {
			isa = XCBuildConfiguration;
			buildSettings = {
				ALWAYS_SEARCH_USER_PATHS = NO;
				CLANG_ANALYZER_NONNULL = YES;
				CLANG_ANALYZER_NUMBER_OBJECT_CONVERSION = YES_AGGRESSIVE;
				CLANG_CXX_LANGUAGE_STANDARD = "gnu++0x";
				CLANG_CXX_LIBRARY = "libc++";
				CLANG_ENABLE_MODULES = YES;
				CLANG_ENABLE_OBJC_ARC = YES;
				CLANG_WARN_BOOL_CONVERSION = YES;
				CLANG_WARN_CONSTANT_CONVERSION = YES;
				CLANG_WARN_DIRECT_OBJC_ISA_USAGE = YES_ERROR;
				CLANG_WARN_DOCUMENTATION_COMMENTS = YES;
				CLANG_WARN_EMPTY_BODY = YES;
				CLANG_WARN_ENUM_CONVERSION = YES;
				CLANG_WARN_INFINITE_RECURSION = YES;
				CLANG_WARN_INT_CONVERSION = YES;
				CLANG_WARN_OBJC_ROOT_CLASS = YES_ERROR;
				CLANG_WARN_SUSPICIOUS_MOVE = YES;
				CLANG_WARN_UNREACHABLE_CODE = YES;
				CLANG_WARN__DUPLICATE_METHOD_MATCH = YES;
				"CODE_SIGN_IDENTITY[sdk=iphoneos*]" = "iPhone Developer";
				COPY_PHASE_STRIP = NO;
				DEBUG_INFORMATION_FORMAT = "dwarf-with-dsym";
				ENABLE_NS_ASSERTIONS = NO;
				ENABLE_STRICT_OBJC_MSGSEND = YES;
				GCC_C_LANGUAGE_STANDARD = gnu99;
				GCC_NO_COMMON_BLOCKS = YES;
				GCC_WARN_64_TO_32_BIT_CONVERSION = YES;
				GCC_WARN_ABOUT_RETURN_TYPE = YES_ERROR;
				GCC_WARN_UNDECLARED_SELECTOR = YES;
				GCC_WARN_UNINITIALIZED_AUTOS = YES_AGGRESSIVE;
				GCC_WARN_UNUSED_FUNCTION = YES;
				GCC_WARN_UNUSED_VARIABLE = YES;
				IPHONEOS_DEPLOYMENT_TARGET = 10.3;
				MTL_ENABLE_DEBUG_INFO = NO;
				SDKROOT = iphoneos;
				SWIFT_OPTIMIZATION_LEVEL = "-Owholemodule";
				TARGETED_DEVICE_FAMILY = "1,2";
				VALIDATE_PRODUCT = YES;
			};
			name = Release;
		};
		8262E5F21F0B582D0005AABA /* Debug */ = {
			isa = XCBuildConfiguration;
			buildSettings = {
				ASSETCATALOG_COMPILER_APPICON_NAME = AppIcon;
				DEVELOPMENT_TEAM = 4B7MW2V7BL;
				INFOPLIST_FILE = CustomCellApp/Info.plist;
				LD_RUNPATH_SEARCH_PATHS = "$(inherited) @executable_path/Frameworks";
				PRODUCT_BUNDLE_IDENTIFIER = com.shetabyad.CustomCellApp;
				PRODUCT_NAME = "$(TARGET_NAME)";
				SWIFT_VERSION = 3.0;
			};
			name = Debug;
		};
		8262E5F31F0B582D0005AABA /* Release */ = {
			isa = XCBuildConfiguration;
			buildSettings = {
				ASSETCATALOG_COMPILER_APPICON_NAME = AppIcon;
				DEVELOPMENT_TEAM = 4B7MW2V7BL;
				INFOPLIST_FILE = CustomCellApp/Info.plist;
				LD_RUNPATH_SEARCH_PATHS = "$(inherited) @executable_path/Frameworks";
				PRODUCT_BUNDLE_IDENTIFIER = com.shetabyad.CustomCellApp;
				PRODUCT_NAME = "$(TARGET_NAME)";
				SWIFT_VERSION = 3.0;
			};
			name = Release;
		};
/* End XCBuildConfiguration section */

/* Begin XCConfigurationList section */
		8262E5DA1F0B582D0005AABA /* Build configuration list for PBXProject "CustomCellApp" */ = {
			isa = XCConfigurationList;
			buildConfigurations = (
				8262E5EF1F0B582D0005AABA /* Debug */,
				8262E5F01F0B582D0005AABA /* Release */,
			);
			defaultConfigurationIsVisible = 0;
			defaultConfigurationName = Release;
		};
		8262E5F11F0B582D0005AABA /* Build configuration list for PBXNativeTarget "CustomCellApp" */ = {
			isa = XCConfigurationList;
			buildConfigurations = (
				8262E5F21F0B582D0005AABA /* Debug */,
				8262E5F31F0B582D0005AABA /* Release */,
			);
			defaultConfigurationIsVisible = 0;
		};
/* End XCConfigurationList section */
	};
	rootObject = 8262E5D71F0B582D0005AABA /* Project object */;
}
